
Microsoft Visual Studio Solution File, Format Version 12.00
# Visual Studio Version 17
VisualStudioVersion = 17.0.31903.59
MinimumVisualStudioVersion = 10.0.40219.1
Project("{2150E333-8FDC-42A3-9474-1A3956D46DE8}") = "src", "src", "{827E0CD3-B72D-47B6-A68D-7590B98EB39B}"
EndProject
Project("{FAE04EC0-301F-11D3-BF4B-00C04F79EFBC}") = "Astra.Clients", "src\Astra.Clients\Astra.Clients.csproj", "{37A64C5A-A28B-43AB-A9A0-DB6515D7C01C}"
EndProject
Project("{FAE04EC0-301F-11D3-BF4B-00C04F79EFBC}") = "Astra.Core", "src\Astra.Core\Astra.Core.csproj", "{8389FB0D-CE18-431A-8542-54FDE34614F2}"
EndProject
Project("{FAE04EC0-301F-11D3-BF4B-00C04F79EFBC}") = "Astra.Data", "src\Astra.Data\Astra.Data.csproj", "{A25FC144-F3E2-476E-9C06-7AA70D4CB107}"
EndProject
Project("{FAE04EC0-301F-11D3-BF4B-00C04F79EFBC}") = "Astra.Gateway", "src\Astra.Gateway\Astra.Gateway.csproj", "{4F622408-7084-4B8E-87D2-B908A7BE0018}"
EndProject
Project("{FAE04EC0-301F-11D3-BF4B-00C04F79EFBC}") = "Astra.Providers", "src\Astra.Providers\Astra.Providers.csproj", "{6EEFF718-2A81-42A1-A826-D714C821DA55}"
EndProject
Project("{FAE04EC0-301F-11D3-BF4B-00C04F79EFBC}") = "Astra.Server", "src\Astra.Server\Astra.Server.csproj", "{5CBE044F-FE52-4035-AF87-DA779D3FFDA0}"
EndProject
Project("{2150E333-8FDC-42A3-9474-1A3956D46DE8}") = "tests", "tests", "{0AB3BF05-4346-4AA6-1389-037BE0695223}"
EndProject
Project("{FAE04EC0-301F-11D3-BF4B-00C04F79EFBC}") = "Astra.Clients.Tests", "tests\Astra.Clients.Tests\Astra.Clients.Tests.csproj", "{3C002947-BDC3-4BCE-9265-A5E866099D19}"
EndProject
Project("{FAE04EC0-301F-11D3-BF4B-00C04F79EFBC}") = "Astra.Core.Tests", "tests\Astra.Core.Tests\Astra.Core.Tests.csproj", "{B6FEB617-D2DD-4EAB-9A53-ABE3AFC8F6CE}"
EndProject
Project("{FAE04EC0-301F-11D3-BF4B-00C04F79EFBC}") = "Astra.Gateway.Tests", "tests\Astra.Gateway.Tests\Astra.Gateway.Tests.csproj", "{E678392F-D6BF-4DF9-83C6-208A23B9C3B2}"
EndProject
Project("{FAE04EC0-301F-11D3-BF4B-00C04F79EFBC}") = "Astra.Server.IntegrationTests", "tests\Astra.Server.IntegrationTests\Astra.Server.IntegrationTests.csproj", "{77CB7596-E83A-491C-A5E4-6CE3D6C78303}"
EndProject
Project("{FAE04EC0-301F-11D3-BF4B-00C04F79EFBC}") = "Astra.Data.Tests", "tests\Astra.Data.Tests\Astra.Data.Tests.csproj", "{F13C7E03-774D-4A5C-9537-6E1938B76505}"
EndProject
Project("{FAE04EC0-301F-11D3-BF4B-00C04F79EFBC}") = "Astra.Providers.Tests", "tests\Astra.Providers.Tests\Astra.Providers.Tests.csproj", "{435E2F3E-7CFC-4F1C-B2F7-CE9918A9DC6F}"
EndProject
Global
	GlobalSection(SolutionConfigurationPlatforms) = preSolution
		Debug|Any CPU = Debug|Any CPU
		Debug|x64 = Debug|x64
		Debug|x86 = Debug|x86
		Release|Any CPU = Release|Any CPU
		Release|x64 = Release|x64
		Release|x86 = Release|x86
	EndGlobalSection
	GlobalSection(ProjectConfigurationPlatforms) = postSolution
		{37A64C5A-A28B-43AB-A9A0-DB6515D7C01C}.Debug|Any CPU.ActiveCfg = Debug|Any CPU
		{37A64C5A-A28B-43AB-A9A0-DB6515D7C01C}.Debug|Any CPU.Build.0 = Debug|Any CPU
		{37A64C5A-A28B-43AB-A9A0-DB6515D7C01C}.Debug|x64.ActiveCfg = Debug|Any CPU
		{37A64C5A-A28B-43AB-A9A0-DB6515D7C01C}.Debug|x64.Build.0 = Debug|Any CPU
		{37A64C5A-A28B-43AB-A9A0-DB6515D7C01C}.Debug|x86.ActiveCfg = Debug|Any CPU
		{37A64C5A-A28B-43AB-A9A0-DB6515D7C01C}.Debug|x86.Build.0 = Debug|Any CPU
		{37A64C5A-A28B-43AB-A9A0-DB6515D7C01C}.Release|Any CPU.ActiveCfg = Release|Any CPU
		{37A64C5A-A28B-43AB-A9A0-DB6515D7C01C}.Release|Any CPU.Build.0 = Release|Any CPU
		{37A64C5A-A28B-43AB-A9A0-DB6515D7C01C}.Release|x64.ActiveCfg = Release|Any CPU
		{37A64C5A-A28B-43AB-A9A0-DB6515D7C01C}.Release|x64.Build.0 = Release|Any CPU
		{37A64C5A-A28B-43AB-A9A0-DB6515D7C01C}.Release|x86.ActiveCfg = Release|Any CPU
		{37A64C5A-A28B-43AB-A9A0-DB6515D7C01C}.Release|x86.Build.0 = Release|Any CPU
		{8389FB0D-CE18-431A-8542-54FDE34614F2}.Debug|Any CPU.ActiveCfg = Debug|Any CPU
		{8389FB0D-CE18-431A-8542-54FDE34614F2}.Debug|Any CPU.Build.0 = Debug|Any CPU
		{8389FB0D-CE18-431A-8542-54FDE34614F2}.Debug|x64.ActiveCfg = Debug|Any CPU
		{8389FB0D-CE18-431A-8542-54FDE34614F2}.Debug|x64.Build.0 = Debug|Any CPU
		{8389FB0D-CE18-431A-8542-54FDE34614F2}.Debug|x86.ActiveCfg = Debug|Any CPU
		{8389FB0D-CE18-431A-8542-54FDE34614F2}.Debug|x86.Build.0 = Debug|Any CPU
		{8389FB0D-CE18-431A-8542-54FDE34614F2}.Release|Any CPU.ActiveCfg = Release|Any CPU
		{8389FB0D-CE18-431A-8542-54FDE34614F2}.Release|Any CPU.Build.0 = Release|Any CPU
		{8389FB0D-CE18-431A-8542-54FDE34614F2}.Release|x64.ActiveCfg = Release|Any CPU
		{8389FB0D-CE18-431A-8542-54FDE34614F2}.Release|x64.Build.0 = Release|Any CPU
		{8389FB0D-CE18-431A-8542-54FDE34614F2}.Release|x86.ActiveCfg = Release|Any CPU
		{8389FB0D-CE18-431A-8542-54FDE34614F2}.Release|x86.Build.0 = Release|Any CPU
		{A25FC144-F3E2-476E-9C06-7AA70D4CB107}.Debug|Any CPU.ActiveCfg = Debug|Any CPU
		{A25FC144-F3E2-476E-9C06-7AA70D4CB107}.Debug|Any CPU.Build.0 = Debug|Any CPU
		{A25FC144-F3E2-476E-9C06-7AA70D4CB107}.Debug|x64.ActiveCfg = Debug|Any CPU
		{A25FC144-F3E2-476E-9C06-7AA70D4CB107}.Debug|x64.Build.0 = Debug|Any CPU
		{A25FC144-F3E2-476E-9C06-7AA70D4CB107}.Debug|x86.ActiveCfg = Debug|Any CPU
		{A25FC144-F3E2-476E-9C06-7AA70D4CB107}.Debug|x86.Build.0 = Debug|Any CPU
		{A25FC144-F3E2-476E-9C06-7AA70D4CB107}.Release|Any CPU.ActiveCfg = Release|Any CPU
		{A25FC144-F3E2-476E-9C06-7AA70D4CB107}.Release|Any CPU.Build.0 = Release|Any CPU
		{A25FC144-F3E2-476E-9C06-7AA70D4CB107}.Release|x64.ActiveCfg = Release|Any CPU
		{A25FC144-F3E2-476E-9C06-7AA70D4CB107}.Release|x64.Build.0 = Release|Any CPU
		{A25FC144-F3E2-476E-9C06-7AA70D4CB107}.Release|x86.ActiveCfg = Release|Any CPU
		{A25FC144-F3E2-476E-9C06-7AA70D4CB107}.Release|x86.Build.0 = Release|Any CPU
		{4F622408-7084-4B8E-87D2-B908A7BE0018}.Debug|Any CPU.ActiveCfg = Debug|Any CPU
		{4F622408-7084-4B8E-87D2-B908A7BE0018}.Debug|Any CPU.Build.0 = Debug|Any CPU
		{4F622408-7084-4B8E-87D2-B908A7BE0018}.Debug|x64.ActiveCfg = Debug|Any CPU
		{4F622408-7084-4B8E-87D2-B908A7BE0018}.Debug|x64.Build.0 = Debug|Any CPU
		{4F622408-7084-4B8E-87D2-B908A7BE0018}.Debug|x86.ActiveCfg = Debug|Any CPU
		{4F622408-7084-4B8E-87D2-B908A7BE0018}.Debug|x86.Build.0 = Debug|Any CPU
		{4F622408-7084-4B8E-87D2-B908A7BE0018}.Release|Any CPU.ActiveCfg = Release|Any CPU
		{4F622408-7084-4B8E-87D2-B908A7BE0018}.Release|Any CPU.Build.0 = Release|Any CPU
		{4F622408-7084-4B8E-87D2-B908A7BE0018}.Release|x64.ActiveCfg = Release|Any CPU
		{4F622408-7084-4B8E-87D2-B908A7BE0018}.Release|x64.Build.0 = Release|Any CPU
		{4F622408-7084-4B8E-87D2-B908A7BE0018}.Release|x86.ActiveCfg = Release|Any CPU
		{4F622408-7084-4B8E-87D2-B908A7BE0018}.Release|x86.Build.0 = Release|Any CPU
		{6EEFF718-2A81-42A1-A826-D714C821DA55}.Debug|Any CPU.ActiveCfg = Debug|Any CPU
		{6EEFF718-2A81-42A1-A826-D714C821DA55}.Debug|Any CPU.Build.0 = Debug|Any CPU
		{6EEFF718-2A81-42A1-A826-D714C821DA55}.Debug|x64.ActiveCfg = Debug|Any CPU
		{6EEFF718-2A81-42A1-A826-D714C821DA55}.Debug|x64.Build.0 = Debug|Any CPU
		{6EEFF718-2A81-42A1-A826-D714C821DA55}.Debug|x86.ActiveCfg = Debug|Any CPU
		{6EEFF718-2A81-42A1-A826-D714C821DA55}.Debug|x86.Build.0 = Debug|Any CPU
		{6EEFF718-2A81-42A1-A826-D714C821DA55}.Release|Any CPU.ActiveCfg = Release|Any CPU
		{6EEFF718-2A81-42A1-A826-D714C821DA55}.Release|Any CPU.Build.0 = Release|Any CPU
		{6EEFF718-2A81-42A1-A826-D714C821DA55}.Release|x64.ActiveCfg = Release|Any CPU
		{6EEFF718-2A81-42A1-A826-D714C821DA55}.Release|x64.Build.0 = Release|Any CPU
		{6EEFF718-2A81-42A1-A826-D714C821DA55}.Release|x86.ActiveCfg = Release|Any CPU
		{6EEFF718-2A81-42A1-A826-D714C821DA55}.Release|x86.Build.0 = Release|Any CPU
		{5CBE044F-FE52-4035-AF87-DA779D3FFDA0}.Debug|Any CPU.ActiveCfg = Debug|Any CPU
		{5CBE044F-FE52-4035-AF87-DA779D3FFDA0}.Debug|Any CPU.Build.0 = Debug|Any CPU
		{5CBE044F-FE52-4035-AF87-DA779D3FFDA0}.Debug|x64.ActiveCfg = Debug|Any CPU
		{5CBE044F-FE52-4035-AF87-DA779D3FFDA0}.Debug|x64.Build.0 = Debug|Any CPU
		{5CBE044F-FE52-4035-AF87-DA779D3FFDA0}.Debug|x86.ActiveCfg = Debug|Any CPU
		{5CBE044F-FE52-4035-AF87-DA779D3FFDA0}.Debug|x86.Build.0 = Debug|Any CPU
		{5CBE044F-FE52-4035-AF87-DA779D3FFDA0}.Release|Any CPU.ActiveCfg = Release|Any CPU
		{5CBE044F-FE52-4035-AF87-DA779D3FFDA0}.Release|Any CPU.Build.0 = Release|Any CPU
		{5CBE044F-FE52-4035-AF87-DA779D3FFDA0}.Release|x64.ActiveCfg = Release|Any CPU
		{5CBE044F-FE52-4035-AF87-DA779D3FFDA0}.Release|x64.Build.0 = Release|Any CPU
		{5CBE044F-FE52-4035-AF87-DA779D3FFDA0}.Release|x86.ActiveCfg = Release|Any CPU
		{5CBE044F-FE52-4035-AF87-DA779D3FFDA0}.Release|x86.Build.0 = Release|Any CPU
		{3C002947-BDC3-4BCE-9265-A5E866099D19}.Debug|Any CPU.ActiveCfg = Debug|Any CPU
		{3C002947-BDC3-4BCE-9265-A5E866099D19}.Debug|Any CPU.Build.0 = Debug|Any CPU
		{3C002947-BDC3-4BCE-9265-A5E866099D19}.Debug|x64.ActiveCfg = Debug|Any CPU
		{3C002947-BDC3-4BCE-9265-A5E866099D19}.Debug|x64.Build.0 = Debug|Any CPU
		{3C002947-BDC3-4BCE-9265-A5E866099D19}.Debug|x86.ActiveCfg = Debug|Any CPU
		{3C002947-BDC3-4BCE-9265-A5E866099D19}.Debug|x86.Build.0 = Debug|Any CPU
		{3C002947-BDC3-4BCE-9265-A5E866099D19}.Release|Any CPU.ActiveCfg = Release|Any CPU
		{3C002947-BDC3-4BCE-9265-A5E866099D19}.Release|Any CPU.Build.0 = Release|Any CPU
		{3C002947-BDC3-4BCE-9265-A5E866099D19}.Release|x64.ActiveCfg = Release|Any CPU
		{3C002947-BDC3-4BCE-9265-A5E866099D19}.Release|x64.Build.0 = Release|Any CPU
		{3C002947-BDC3-4BCE-9265-A5E866099D19}.Release|x86.ActiveCfg = Release|Any CPU
		{3C002947-BDC3-4BCE-9265-A5E866099D19}.Release|x86.Build.0 = Release|Any CPU
		{B6FEB617-D2DD-4EAB-9A53-ABE3AFC8F6CE}.Debug|Any CPU.ActiveCfg = Debug|Any CPU
		{B6FEB617-D2DD-4EAB-9A53-ABE3AFC8F6CE}.Debug|Any CPU.Build.0 = Debug|Any CPU
		{B6FEB617-D2DD-4EAB-9A53-ABE3AFC8F6CE}.Debug|x64.ActiveCfg = Debug|Any CPU
		{B6FEB617-D2DD-4EAB-9A53-ABE3AFC8F6CE}.Debug|x64.Build.0 = Debug|Any CPU
		{B6FEB617-D2DD-4EAB-9A53-ABE3AFC8F6CE}.Debug|x86.ActiveCfg = Debug|Any CPU
		{B6FEB617-D2DD-4EAB-9A53-ABE3AFC8F6CE}.Debug|x86.Build.0 = Debug|Any CPU
		{B6FEB617-D2DD-4EAB-9A53-ABE3AFC8F6CE}.Release|Any CPU.ActiveCfg = Release|Any CPU
		{B6FEB617-D2DD-4EAB-9A53-ABE3AFC8F6CE}.Release|Any CPU.Build.0 = Release|Any CPU
		{B6FEB617-D2DD-4EAB-9A53-ABE3AFC8F6CE}.Release|x64.ActiveCfg = Release|Any CPU
		{B6FEB617-D2DD-4EAB-9A53-ABE3AFC8F6CE}.Release|x64.Build.0 = Release|Any CPU
		{B6FEB617-D2DD-4EAB-9A53-ABE3AFC8F6CE}.Release|x86.ActiveCfg = Release|Any CPU
		{B6FEB617-D2DD-4EAB-9A53-ABE3AFC8F6CE}.Release|x86.Build.0 = Release|Any CPU
		{E678392F-D6BF-4DF9-83C6-208A23B9C3B2}.Debug|Any CPU.ActiveCfg = Debug|Any CPU
		{E678392F-D6BF-4DF9-83C6-208A23B9C3B2}.Debug|Any CPU.Build.0 = Debug|Any CPU
		{E678392F-D6BF-4DF9-83C6-208A23B9C3B2}.Debug|x64.ActiveCfg = Debug|Any CPU
		{E678392F-D6BF-4DF9-83C6-208A23B9C3B2}.Debug|x64.Build.0 = Debug|Any CPU
		{E678392F-D6BF-4DF9-83C6-208A23B9C3B2}.Debug|x86.ActiveCfg = Debug|Any CPU
		{E678392F-D6BF-4DF9-83C6-208A23B9C3B2}.Debug|x86.Build.0 = Debug|Any CPU
		{E678392F-D6BF-4DF9-83C6-208A23B9C3B2}.Release|Any CPU.ActiveCfg = Release|Any CPU
		{E678392F-D6BF-4DF9-83C6-208A23B9C3B2}.Release|Any CPU.Build.0 = Release|Any CPU
		{E678392F-D6BF-4DF9-83C6-208A23B9C3B2}.Release|x64.ActiveCfg = Release|Any CPU
		{E678392F-D6BF-4DF9-83C6-208A23B9C3B2}.Release|x64.Build.0 = Release|Any CPU
		{E678392F-D6BF-4DF9-83C6-208A23B9C3B2}.Release|x86.ActiveCfg = Release|Any CPU
		{E678392F-D6BF-4DF9-83C6-208A23B9C3B2}.Release|x86.Build.0 = Release|Any CPU
		{77CB7596-E83A-491C-A5E4-6CE3D6C78303}.Debug|Any CPU.ActiveCfg = Debug|Any CPU
		{77CB7596-E83A-491C-A5E4-6CE3D6C78303}.Debug|Any CPU.Build.0 = Debug|Any CPU
		{77CB7596-E83A-491C-A5E4-6CE3D6C78303}.Debug|x64.ActiveCfg = Debug|Any CPU
		{77CB7596-E83A-491C-A5E4-6CE3D6C78303}.Debug|x64.Build.0 = Debug|Any CPU
		{77CB7596-E83A-491C-A5E4-6CE3D6C78303}.Debug|x86.ActiveCfg = Debug|Any CPU
		{77CB7596-E83A-491C-A5E4-6CE3D6C78303}.Debug|x86.Build.0 = Debug|Any CPU
		{77CB7596-E83A-491C-A5E4-6CE3D6C78303}.Release|Any CPU.ActiveCfg = Release|Any CPU
		{77CB7596-E83A-491C-A5E4-6CE3D6C78303}.Release|Any CPU.Build.0 = Release|Any CPU
		{77CB7596-E83A-491C-A5E4-6CE3D6C78303}.Release|x64.ActiveCfg = Release|Any CPU
		{77CB7596-E83A-491C-A5E4-6CE3D6C78303}.Release|x64.Build.0 = Release|Any CPU
		{77CB7596-E83A-491C-A5E4-6CE3D6C78303}.Release|x86.ActiveCfg = Release|Any CPU
		{77CB7596-E83A-491C-A5E4-6CE3D6C78303}.Release|x86.Build.0 = Release|Any CPU
		{F13C7E03-774D-4A5C-9537-6E1938B76505}.Debug|Any CPU.ActiveCfg = Debug|Any CPU
		{F13C7E03-774D-4A5C-9537-6E1938B76505}.Debug|Any CPU.Build.0 = Debug|Any CPU
		{F13C7E03-774D-4A5C-9537-6E1938B76505}.Debug|x64.ActiveCfg = Debug|Any CPU
		{F13C7E03-774D-4A5C-9537-6E1938B76505}.Debug|x64.Build.0 = Debug|Any CPU
		{F13C7E03-774D-4A5C-9537-6E1938B76505}.Debug|x86.ActiveCfg = Debug|Any CPU
		{F13C7E03-774D-4A5C-9537-6E1938B76505}.Debug|x86.Build.0 = Debug|Any CPU
		{F13C7E03-774D-4A5C-9537-6E1938B76505}.Release|Any CPU.ActiveCfg = Release|Any CPU
		{F13C7E03-774D-4A5C-9537-6E1938B76505}.Release|Any CPU.Build.0 = Release|Any CPU
		{F13C7E03-774D-4A5C-9537-6E1938B76505}.Release|x64.ActiveCfg = Release|Any CPU
		{F13C7E03-774D-4A5C-9537-6E1938B76505}.Release|x64.Build.0 = Release|Any CPU
		{F13C7E03-774D-4A5C-9537-6E1938B76505}.Release|x86.ActiveCfg = Release|Any CPU
		{F13C7E03-774D-4A5C-9537-6E1938B76505}.Release|x86.Build.0 = Release|Any CPU
		{435E2F3E-7CFC-4F1C-B2F7-CE9918A9DC6F}.Debug|Any CPU.ActiveCfg = Debug|Any CPU
		{435E2F3E-7CFC-4F1C-B2F7-CE9918A9DC6F}.Debug|Any CPU.Build.0 = Debug|Any CPU
		{435E2F3E-7CFC-4F1C-B2F7-CE9918A9DC6F}.Debug|x64.ActiveCfg = Debug|Any CPU
		{435E2F3E-7CFC-4F1C-B2F7-CE9918A9DC6F}.Debug|x64.Build.0 = Debug|Any CPU
		{435E2F3E-7CFC-4F1C-B2F7-CE9918A9DC6F}.Debug|x86.ActiveCfg = Debug|Any CPU
		{435E2F3E-7CFC-4F1C-B2F7-CE9918A9DC6F}.Debug|x86.Build.0 = Debug|Any CPU
		{435E2F3E-7CFC-4F1C-B2F7-CE9918A9DC6F}.Release|Any CPU.ActiveCfg = Release|Any CPU
		{435E2F3E-7CFC-4F1C-B2F7-CE9918A9DC6F}.Release|Any CPU.Build.0 = Release|Any CPU
		{435E2F3E-7CFC-4F1C-B2F7-CE9918A9DC6F}.Release|x64.ActiveCfg = Release|Any CPU
		{435E2F3E-7CFC-4F1C-B2F7-CE9918A9DC6F}.Release|x64.Build.0 = Release|Any CPU
		{435E2F3E-7CFC-4F1C-B2F7-CE9918A9DC6F}.Release|x86.ActiveCfg = Release|Any CPU
		{435E2F3E-7CFC-4F1C-B2F7-CE9918A9DC6F}.Release|x86.Build.0 = Release|Any CPU
	EndGlobalSection
	GlobalSection(SolutionProperties) = preSolution
		HideSolutionNode = FALSE
	EndGlobalSection
	GlobalSection(NestedProjects) = preSolution
		{37A64C5A-A28B-43AB-A9A0-DB6515D7C01C} = {827E0CD3-B72D-47B6-A68D-7590B98EB39B}
		{8389FB0D-CE18-431A-8542-54FDE34614F2} = {827E0CD3-B72D-47B6-A68D-7590B98EB39B}
		{A25FC144-F3E2-476E-9C06-7AA70D4CB107} = {827E0CD3-B72D-47B6-A68D-7590B98EB39B}
		{4F622408-7084-4B8E-87D2-B908A7BE0018} = {827E0CD3-B72D-47B6-A68D-7590B98EB39B}
		{6EEFF718-2A81-42A1-A826-D714C821DA55} = {827E0CD3-B72D-47B6-A68D-7590B98EB39B}
		{5CBE044F-FE52-4035-AF87-DA779D3FFDA0} = {827E0CD3-B72D-47B6-A68D-7590B98EB39B}
		{3C002947-BDC3-4BCE-9265-A5E866099D19} = {0AB3BF05-4346-4AA6-1389-037BE0695223}
		{B6FEB617-D2DD-4EAB-9A53-ABE3AFC8F6CE} = {0AB3BF05-4346-4AA6-1389-037BE0695223}
		{E678392F-D6BF-4DF9-83C6-208A23B9C3B2} = {0AB3BF05-4346-4AA6-1389-037BE0695223}
		{77CB7596-E83A-491C-A5E4-6CE3D6C78303} = {0AB3BF05-4346-4AA6-1389-037BE0695223}
		{F13C7E03-774D-4A5C-9537-6E1938B76505} = {0AB3BF05-4346-4AA6-1389-037BE0695223}
		{435E2F3E-7CFC-4F1C-B2F7-CE9918A9DC6F} = {0AB3BF05-4346-4AA6-1389-037BE0695223}
	EndGlobalSection
EndGlobal
